
Microsoft Visual Studio Solution File, Format Version 12.00
# Visual Studio 14
VisualStudioVersion = 14.0.25123.0
MinimumVisualStudioVersion = 10.0.40219.1
Project("{FAE04EC0-301F-11D3-BF4B-00C04F79EFBC}") = "Park_Test01", "Park_Test01\Park_Test01.csproj", "{2F92FEE3-8011-4536-B2F2-AF724E42DB26}"
EndProject
Global
	GlobalSection(SolutionConfigurationPlatforms) = preSolution
		Debug|Any CPU = Debug|Any CPU
		Release|Any CPU = Release|Any CPU
	EndGlobalSection
	GlobalSection(ProjectConfigurationPlatforms) = postSolution
		{2F92FEE3-8011-4536-B2F2-AF724E42DB26}.Debug|Any CPU.ActiveCfg = Debug|Any CPU
		{2F92FEE3-8011-4536-B2F2-AF724E42DB26}.Debug|Any CPU.Build.0 = Debug|Any CPU
		{2F92FEE3-8011-4536-B2F2-AF724E42DB26}.Release|Any CPU.ActiveCfg = Release|Any CPU
		{2F92FEE3-8011-4536-B2F2-AF724E42DB26}.Release|Any CPU.Build.0 = Release|Any CPU
	EndGlobalSection
	GlobalSection(SolutionProperties) = preSolution
		HideSolutionNode = FALSE
	EndGlobalSection
EndGlobal
